
Microsoft Visual Studio Solution File, Format Version 12.00
# Visual Studio Version 17
VisualStudioVersion = 17.5.33530.505
MinimumVisualStudioVersion = 10.0.40219.1
Project("{8BC9CEB8-8B4A-11D0-8D11-00A0C91BC942}") = "Project2", "Project2.vcxproj", "{CEFE47AB-BDA3-41CF-B02A-3B78DD35ADBF}"
EndProject
Global
	GlobalSection(SolutionConfigurationPlatforms) = preSolution
		Debug|x64 = Debug|x64
		Debug|x86 = Debug|x86
		Release|x64 = Release|x64
		Release|x86 = Release|x86
	EndGlobalSection
	GlobalSection(ProjectConfigurationPlatforms) = postSolution
		{CEFE47AB-BDA3-41CF-B02A-3B78DD35ADBF}.Debug|x64.ActiveCfg = Debug|x64
		{CEFE47AB-BDA3-41CF-B02A-3B78DD35ADBF}.Debug|x64.Build.0 = Debug|x64
		{CEFE47AB-BDA3-41CF-B02A-3B78DD35ADBF}.Debug|x86.ActiveCfg = Debug|Win32
		{CEFE47AB-BDA3-41CF-B02A-3B78DD35ADBF}.Debug|x86.Build.0 = Debug|Win32
		{CEFE47AB-BDA3-41CF-B02A-3B78DD35ADBF}.Release|x64.ActiveCfg = Release|x64
		{CEFE47AB-BDA3-41CF-B02A-3B78DD35ADBF}.Release|x64.Build.0 = Release|x64
		{CEFE47AB-BDA3-41CF-B02A-3B78DD35ADBF}.Release|x86.ActiveCfg = Release|Win32
		{CEFE47AB-BDA3-41CF-B02A-3B78DD35ADBF}.Release|x86.Build.0 = Release|Win32
	EndGlobalSection
	GlobalSection(SolutionProperties) = preSolution
		HideSolutionNode = FALSE
	EndGlobalSection
	GlobalSection(ExtensibilityGlobals) = postSolution
		SolutionGuid = {6BDC5BC1-7B87-46B6-93D0-7298ABFBC37D}
	EndGlobalSection
EndGlobal
